# @generated - this file is auto-generated by `mise lock` https://mise.jdx.dev/dev-tools/mise-lock.html

lockfile_version = 2

[[tools."aqua:anthropics/claude-code"]]
version = "2.1.285"
backend = "aqua:anthropics/claude-code"
specifiers = ["2.1.285"]

[tools."aqua:anthropics/claude-code"."platforms.linux-arm64"]
checksum = "sha256:39bd977cb57144ba41ad165e4cca540e9b4b58199df79dd96fa7002be7086923"
url = "https://github.com/anthropics/claude-code/releases/download/v2.1.285/claude-linux-arm64.tar.gz"
url_api = "https://api.github.com/repos/anthropics/claude-code/releases/assets/598796735"

[tools."aqua:anthropics/claude-code"."platforms.linux-x64"]
checksum = "sha256:0cde844749a50c0f717a2b123d5771629d5c9a270c9203c81ac120a716444b36"
url = "https://github.com/anthropics/claude-code/releases/download/v2.1.285/claude-linux-x64.tar.gz"
url_api = "https://api.github.com/repos/anthropics/claude-code/releases/assets/598796905"

[[tools."aqua:dyoshikawa/rulesync"]]
version = "24.0.0"
backend = "aqua:dyoshikawa/rulesync"
specifiers = ["24.0.0"]

[tools."aqua:dyoshikawa/rulesync"."platforms.linux-arm64"]
checksum = "sha256:2acd07dd78a6b3d0fb4b84edffc26724b3b2fc9ba20a209e746d985b34790386"
url = "https://github.com/dyoshikawa/rulesync/releases/download/v24.0.0/rulesync-linux-arm64"
url_api = "https://api.github.com/repos/dyoshikawa/rulesync/releases/assets/596010440"
provenance = "github-attestations"

[tools."aqua:dyoshikawa/rulesync"."platforms.linux-x64"]
checksum = "sha256:64e8ad323ad4ef991b21c6a54548e6a2bb02f9facaf9c6cfe9e0782ac3297c71"
url = "https://github.com/dyoshikawa/rulesync/releases/download/v24.0.0/rulesync-linux-x64"
url_api = "https://api.github.com/repos/dyoshikawa/rulesync/releases/assets/596010443"
provenance = "github-attestations"

[[tools."aqua:github/copilot-cli"]]
version = "1.0.89"
backend = "aqua:github/copilot-cli"
specifiers = ["1.0.89"]

[tools."aqua:github/copilot-cli"."platforms.linux-arm64"]
checksum = "sha256:8406c9e0bbfd0cb868b2a3e9488d500b76401685afdb5d71149233df1d36921b"
url = "https://github.com/github/copilot-cli/releases/download/v1.0.89/copilot-linux-arm64.tar.gz"
url_api = "https://api.github.com/repos/github/copilot-cli/releases/assets/596209648"

[tools."aqua:github/copilot-cli"."platforms.linux-x64"]
checksum = "sha256:c5c234ccba6fae2b7a9eae462caf628e86c21b5e6240ec2e885727fc148a1dcc"
url = "https://github.com/github/copilot-cli/releases/download/v1.0.89/copilot-linux-x64.tar.gz"
url_api = "https://api.github.com/repos/github/copilot-cli/releases/assets/596210026"

[[tools."aqua:github/copilot-language-server-release"]]
version = "1.551.2"
backend = "aqua:github/copilot-language-server-release"
specifiers = ["1.551.2"]

[tools."aqua:github/copilot-language-server-release"."platforms.linux-arm64"]
checksum = "sha256:bd2c232c6112dc6d87fff36360e6ecd6d357c8e5dc4ba0ed82646ba5219840ea"
url = "https://github.com/github/copilot-language-server-release/releases/download/1.551.2/copilot-language-server-linux-arm64-1.551.2.zip"
url_api = "https://api.github.com/repos/github/copilot-language-server-release/releases/assets/596656160"

[tools."aqua:github/copilot-language-server-release"."platforms.linux-x64"]
checksum = "sha256:9c54d39d431bebb50498eb23ccd02b7b688a205105c20f83cfe5e5e487bc896c"
url = "https://github.com/github/copilot-language-server-release/releases/download/1.551.2/copilot-language-server-linux-x64-1.551.2.zip"
url_api = "https://api.github.com/repos/github/copilot-language-server-release/releases/assets/596656159"

[[tools."aqua:google-antigravity/antigravity-cli"]]
version = "1.2.13"
backend = "aqua:google-antigravity/antigravity-cli"
specifiers = ["1.2.13"]

[tools."aqua:google-antigravity/antigravity-cli"."platforms.linux-arm64"]
checksum = "sha256:43bf59be5895475f8a32d4f94f1241f665986ea41a3622579e03b74e1b63dcfb"
url = "https://github.com/google-antigravity/antigravity-cli/releases/download/1.2.13/agy_cli_linux_arm64.tar.gz"
url_api = "https://api.github.com/repos/google-antigravity/antigravity-cli/releases/assets/597191969"

[tools."aqua:google-antigravity/antigravity-cli"."platforms.linux-x64"]
checksum = "sha256:b0f195d37973be7b08c3b705d7fbbcd948dacb4a3c2176ee52ca29f7159bdc21"
url = "https://github.com/google-antigravity/antigravity-cli/releases/download/1.2.13/agy_cli_linux_x64.tar.gz"
url_api = "https://api.github.com/repos/google-antigravity/antigravity-cli/releases/assets/597191972"

[[tools."aqua:vercel-labs/agent-browser"]]
version = "0.38.1"
backend = "aqua:vercel-labs/agent-browser"
specifiers = ["0.38.1"]

[tools."aqua:vercel-labs/agent-browser"."platforms.linux-arm64"]
checksum = "sha256:937b315ee0761e8a62f7950ddcfef9b3d3d8e8d5eb9c9d2bf9e23e5725664511"
url = "https://github.com/vercel-labs/agent-browser/releases/download/v0.38.1/agent-browser-linux-arm64"
url_api = "https://api.github.com/repos/vercel-labs/agent-browser/releases/assets/568699597"

[tools."aqua:vercel-labs/agent-browser"."platforms.linux-x64"]
checksum = "sha256:e4b4555c450d6903567f18ae572c26a6f86dcad31c401f9b56d5bc00334afc91"
url = "https://github.com/vercel-labs/agent-browser/releases/download/v0.38.1/agent-browser-linux-musl-x64"
url_api = "https://api.github.com/repos/vercel-labs/agent-browser/releases/assets/568699594"

[[tools."github:openai/codex"]]
version = "0.159.1"
backend = "github:openai/codex"
specifiers = ["0.159.1"]

[tools."github:openai/codex".options]
asset_pattern = "codex-package-aarch64-unknown-linux-musl.tar.gz"
version_prefix = "rust-v"

[tools."github:openai/codex"."platforms.linux-arm64"]
checksum = "sha256:63b3b5a4e76b4174d651d2d363ac028fdb4961ba47eca9946da3c35267999aec"
url = "https://github.com/openai/codex/releases/download/rust-v0.159.1/codex-package-aarch64-unknown-linux-musl.tar.gz"
url_api = "https://api.github.com/repos/openai/codex/releases/assets/599151423"

[[tools."github:openai/codex"]]
version = "0.159.1"
backend = "github:openai/codex"
specifiers = ["0.159.1"]

[tools."github:openai/codex".options]
asset_pattern = "codex-package-x86_64-unknown-linux-musl.tar.gz"
version_prefix = "rust-v"

[tools."github:openai/codex"."platforms.linux-x64"]
checksum = "sha256:9a2dff8e1eb9bad83f52edb6f91175efeb5c68a316f880c95d7770f87a34fc5c"
url = "https://github.com/openai/codex/releases/download/rust-v0.159.1/codex-package-x86_64-unknown-linux-musl.tar.gz"
url_api = "https://api.github.com/repos/openai/codex/releases/assets/599140838"

[[tools."http:kiro-cli"]]
version = "2.26.1"
backend = "http:kiro-cli"
specifiers = ["2.26.1"]

[tools."http:kiro-cli".options]
strip_components = "1"

[tools."http:kiro-cli"."platforms.linux-arm64"]
checksum = "sha256:a038d2cf09124dbe62a3cfce1398d20c724b9fed758295512cfdaccee5215182"
url = "https://desktop-release.q.us-east-1.amazonaws.com/2.26.1/kirocli-aarch64-linux.tar.gz"

[tools."http:kiro-cli"."platforms.linux-x64"]
checksum = "sha256:f10cb41269f4c549c8ab6a2e9f289f87505b5387647f481f1f3d68f7a7fd1710"
url = "https://desktop-release.q.us-east-1.amazonaws.com/2.26.1/kirocli-x86_64-linux.tar.gz"

[[tools."npm:@playwright/cli"]]
version = "0.1.22"
aube = { path = ".mise/locks/npm-playwright-cli/0.1.22", digest = "sha256:f2db4a39ff14290524c7382d2b4b40dea121f00003bb18ba19551c717adb2b17" }
backend = "npm:@playwright/cli"
specifiers = ["0.1.22"]
