# @generated - this file is auto-generated by `mise lock` https://mise.jdx.dev/dev-tools/mise-lock.html

lockfile_version = 2

[[tools."aqua:anthropics/claude-code"]]
version = "2.1.278"
backend = "aqua:anthropics/claude-code"
specifiers = ["2.1.278"]

[tools."aqua:anthropics/claude-code"."platforms.linux-arm64"]
checksum = "sha256:5e3cc367f997847c89cdba3f5b1cd6ff5aabb8e94e14b19bad401124c0e838ed"
url = "https://github.com/anthropics/claude-code/releases/download/v2.1.278/claude-linux-arm64.tar.gz"
url_api = "https://api.github.com/repos/anthropics/claude-code/releases/assets/573850764"

[tools."aqua:anthropics/claude-code"."platforms.linux-x64"]
checksum = "sha256:1d1f9950b96acb5a50bf342a3d3bd51cdf40b1714b2ca3ce2319ba8e8e7f3633"
url = "https://github.com/anthropics/claude-code/releases/download/v2.1.278/claude-linux-x64.tar.gz"
url_api = "https://api.github.com/repos/anthropics/claude-code/releases/assets/573850915"

[[tools."aqua:dyoshikawa/rulesync"]]
version = "17.0.0"
backend = "aqua:dyoshikawa/rulesync"
specifiers = ["17.0.0"]

[tools."aqua:dyoshikawa/rulesync"."platforms.linux-arm64"]
checksum = "sha256:e27dddd2209736fbc1d09630dde9d8e0afb097d901be0c734eaf4a39d9a4fe00"
url = "https://github.com/dyoshikawa/rulesync/releases/download/v17.0.0/rulesync-linux-arm64"
url_api = "https://api.github.com/repos/dyoshikawa/rulesync/releases/assets/578839931"
provenance = "github-attestations"

[tools."aqua:dyoshikawa/rulesync"."platforms.linux-x64"]
checksum = "sha256:2fb6e188db2144f1333986678a88f4ae4fc8a3ceb011cc801a9efb038ceb698c"
url = "https://github.com/dyoshikawa/rulesync/releases/download/v17.0.0/rulesync-linux-x64"
url_api = "https://api.github.com/repos/dyoshikawa/rulesync/releases/assets/578839940"
provenance = "github-attestations"

[[tools."aqua:github/copilot-cli"]]
version = "1.0.86"
backend = "aqua:github/copilot-cli"
specifiers = ["1.0.86"]

[tools."aqua:github/copilot-cli"."platforms.linux-arm64"]
checksum = "sha256:3c0e1f939931ddf19cf4d6a2d77922afb937dbfa8d373fe623b8befab5bd7fdb"
url = "https://github.com/github/copilot-cli/releases/download/v1.0.86/copilot-linux-arm64.tar.gz"
url_api = "https://api.github.com/repos/github/copilot-cli/releases/assets/571325925"

[tools."aqua:github/copilot-cli"."platforms.linux-x64"]
checksum = "sha256:ea4a519d7b2ff54e9c7d10ae9921cf4ab3f5041489ec340852f47f4f63fc535b"
url = "https://github.com/github/copilot-cli/releases/download/v1.0.86/copilot-linux-x64.tar.gz"
url_api = "https://api.github.com/repos/github/copilot-cli/releases/assets/571326067"

[[tools."aqua:github/copilot-language-server-release"]]
version = "1.547.0"
backend = "aqua:github/copilot-language-server-release"
specifiers = ["1.547.0"]

[tools."aqua:github/copilot-language-server-release"."platforms.linux-arm64"]
checksum = "sha256:eff76d913cf2785c0b063dfe00c4cfb49dfefa1b8d5f9bfaa7c79ac9e2e82439"
url = "https://github.com/github/copilot-language-server-release/releases/download/1.547.0/copilot-language-server-linux-arm64-1.547.0.zip"
url_api = "https://api.github.com/repos/github/copilot-language-server-release/releases/assets/571444648"

[tools."aqua:github/copilot-language-server-release"."platforms.linux-x64"]
checksum = "sha256:ef09049df1028605c3496f7b2ad154664ef1376a231ea4d1345286d965cb8b61"
url = "https://github.com/github/copilot-language-server-release/releases/download/1.547.0/copilot-language-server-linux-x64-1.547.0.zip"
url_api = "https://api.github.com/repos/github/copilot-language-server-release/releases/assets/571444654"

[[tools."aqua:google-antigravity/antigravity-cli"]]
version = "1.2.7"
backend = "aqua:google-antigravity/antigravity-cli"
specifiers = ["1.2.7"]

[tools."aqua:google-antigravity/antigravity-cli"."platforms.linux-arm64"]
checksum = "sha256:8ddbb669158de1d1bc4c1fe5c130dca8f51da80d62569a54a4133f06768a723b"
url = "https://github.com/google-antigravity/antigravity-cli/releases/download/1.2.7/agy_cli_linux_arm64.tar.gz"
url_api = "https://api.github.com/repos/google-antigravity/antigravity-cli/releases/assets/573795006"

[tools."aqua:google-antigravity/antigravity-cli"."platforms.linux-x64"]
checksum = "sha256:e410dd56d8c213ef12643d3ff5eaaab57a17e05bbf72e9415322f23879fc4a18"
url = "https://github.com/google-antigravity/antigravity-cli/releases/download/1.2.7/agy_cli_linux_x64.tar.gz"
url_api = "https://api.github.com/repos/google-antigravity/antigravity-cli/releases/assets/573795008"

[[tools."aqua:vercel-labs/agent-browser"]]
version = "0.38.1"
backend = "aqua:vercel-labs/agent-browser"
specifiers = ["0.38.1"]

[tools."aqua:vercel-labs/agent-browser"."platforms.linux-arm64"]
checksum = "sha256:937b315ee0761e8a62f7950ddcfef9b3d3d8e8d5eb9c9d2bf9e23e5725664511"
url = "https://github.com/vercel-labs/agent-browser/releases/download/v0.38.1/agent-browser-linux-arm64"
url_api = "https://api.github.com/repos/vercel-labs/agent-browser/releases/assets/568699597"

[tools."aqua:vercel-labs/agent-browser"."platforms.linux-x64"]
checksum = "sha256:e4b4555c450d6903567f18ae572c26a6f86dcad31c401f9b56d5bc00334afc91"
url = "https://github.com/vercel-labs/agent-browser/releases/download/v0.38.1/agent-browser-linux-musl-x64"
url_api = "https://api.github.com/repos/vercel-labs/agent-browser/releases/assets/568699594"

[[tools."github:openai/codex"]]
version = "0.155.1"
backend = "github:openai/codex"
specifiers = ["0.155.1"]

[tools."github:openai/codex".options]
asset_pattern = "codex-package-aarch64-unknown-linux-musl.tar.gz"
version_prefix = "rust-v"

[tools."github:openai/codex"."platforms.linux-arm64"]
checksum = "sha256:71857dbc9bea3613410e8a69cfb46b07c0402d6d20fec18843dbaffd757634bd"
url = "https://github.com/openai/codex/releases/download/rust-v0.155.1/codex-package-aarch64-unknown-linux-musl.tar.gz"
url_api = "https://api.github.com/repos/openai/codex/releases/assets/573353562"

[[tools."github:openai/codex"]]
version = "0.155.1"
backend = "github:openai/codex"
specifiers = ["0.155.1"]

[tools."github:openai/codex".options]
asset_pattern = "codex-package-x86_64-unknown-linux-musl.tar.gz"
version_prefix = "rust-v"

[tools."github:openai/codex"."platforms.linux-x64"]
checksum = "sha256:a65b895c6ac1a73629bbe4b864640c86133e94a43b4d67b3103044e1a306d5a2"
url = "https://github.com/openai/codex/releases/download/rust-v0.155.1/codex-package-x86_64-unknown-linux-musl.tar.gz"
url_api = "https://api.github.com/repos/openai/codex/releases/assets/573353456"

[[tools."http:kiro-cli"]]
version = "2.22.1"
backend = "http:kiro-cli"
specifiers = ["2.22.1"]

[tools."http:kiro-cli".options]
strip_components = "1"

[tools."http:kiro-cli"."platforms.linux-arm64"]
checksum = "sha256:f2305ca7fb8d825f6461250e2e84b2f9b288a452aaa8a99da5c2f40e484efc92"
url = "https://desktop-release.q.us-east-1.amazonaws.com/2.22.1/kirocli-aarch64-linux.tar.gz"

[tools."http:kiro-cli"."platforms.linux-x64"]
checksum = "sha256:02b060b989d011519c8eaacf460e28e918efd106df8c75ceb7f9c0aaed80f2fe"
url = "https://desktop-release.q.us-east-1.amazonaws.com/2.22.1/kirocli-x86_64-linux.tar.gz"

[[tools."npm:@playwright/cli"]]
version = "0.1.21"
aube = { path = ".mise/locks/npm-playwright-cli/0.1.21", digest = "sha256:636204cc9c201fc3f04c014b27c80810512b2e9024c5a4c13bb2247738ef7928" }
backend = "npm:@playwright/cli"
specifiers = ["0.1.21"]
