# @generated - this file is auto-generated by `mise lock` https://mise.jdx.dev/dev-tools/mise-lock.html

lockfile_version = 2

[[tools."aqua:anthropics/claude-code"]]
version = "2.1.282"
backend = "aqua:anthropics/claude-code"
specifiers = ["2.1.282"]

[tools."aqua:anthropics/claude-code"."platforms.linux-arm64"]
checksum = "sha256:62ed261b4ad0838eac468f119524ba58502bc09da8152eddce9194229ba20ac3"
url = "https://github.com/anthropics/claude-code/releases/download/v2.1.282/claude-linux-arm64.tar.gz"
url_api = "https://api.github.com/repos/anthropics/claude-code/releases/assets/586282787"

[tools."aqua:anthropics/claude-code"."platforms.linux-x64"]
checksum = "sha256:2972e823268974dd084734d5f69fedc227eb4cb3bc9c398ceb7776280e836991"
url = "https://github.com/anthropics/claude-code/releases/download/v2.1.282/claude-linux-x64.tar.gz"
url_api = "https://api.github.com/repos/anthropics/claude-code/releases/assets/586282940"

[[tools."aqua:dyoshikawa/rulesync"]]
version = "17.1.0"
backend = "aqua:dyoshikawa/rulesync"
specifiers = ["17.1.0"]

[tools."aqua:dyoshikawa/rulesync"."platforms.linux-arm64"]
checksum = "sha256:35564a01f4da84456fe0d6ef9d7711ada967f7a3627d3363725272f63af5434a"
url = "https://github.com/dyoshikawa/rulesync/releases/download/v17.1.0/rulesync-linux-arm64"
url_api = "https://api.github.com/repos/dyoshikawa/rulesync/releases/assets/585399872"
provenance = "github-attestations"

[tools."aqua:dyoshikawa/rulesync"."platforms.linux-x64"]
checksum = "sha256:87751ace348444135724f8f6fecb2f30a2c1aef7bd34fbe832483dac4d650c95"
url = "https://github.com/dyoshikawa/rulesync/releases/download/v17.1.0/rulesync-linux-x64"
url_api = "https://api.github.com/repos/dyoshikawa/rulesync/releases/assets/585399868"
provenance = "github-attestations"

[[tools."aqua:github/copilot-cli"]]
version = "1.0.88"
backend = "aqua:github/copilot-cli"
specifiers = ["1.0.88"]

[tools."aqua:github/copilot-cli"."platforms.linux-arm64"]
checksum = "sha256:e263f5f9eb0db5dddf5775ac98c437e27743857ce0ba310f08f2338aebd1107d"
url = "https://github.com/github/copilot-cli/releases/download/v1.0.88/copilot-linux-arm64.tar.gz"
url_api = "https://api.github.com/repos/github/copilot-cli/releases/assets/582143726"

[tools."aqua:github/copilot-cli"."platforms.linux-x64"]
checksum = "sha256:42f40c08ff8a8ff78522161e4b5e2b86340ad8bb0853a5f1aa64ce65b48d007b"
url = "https://github.com/github/copilot-cli/releases/download/v1.0.88/copilot-linux-x64.tar.gz"
url_api = "https://api.github.com/repos/github/copilot-cli/releases/assets/582143848"

[[tools."aqua:github/copilot-language-server-release"]]
version = "1.551.0"
backend = "aqua:github/copilot-language-server-release"
specifiers = ["1.551.0"]

[tools."aqua:github/copilot-language-server-release"."platforms.linux-arm64"]
checksum = "sha256:aed43f4c70f678aa71881a9e048226397e637354c139cee5c820475010e49291"
url = "https://github.com/github/copilot-language-server-release/releases/download/1.551.0/copilot-language-server-linux-arm64-1.551.0.zip"
url_api = "https://api.github.com/repos/github/copilot-language-server-release/releases/assets/584871578"

[tools."aqua:github/copilot-language-server-release"."platforms.linux-x64"]
checksum = "sha256:bc84b917b64cd138b927847cfb203715223905809ef8006db1a8219990610eac"
url = "https://github.com/github/copilot-language-server-release/releases/download/1.551.0/copilot-language-server-linux-x64-1.551.0.zip"
url_api = "https://api.github.com/repos/github/copilot-language-server-release/releases/assets/584871586"

[[tools."aqua:google-antigravity/antigravity-cli"]]
version = "1.2.10"
backend = "aqua:google-antigravity/antigravity-cli"
specifiers = ["1.2.10"]

[tools."aqua:google-antigravity/antigravity-cli"."platforms.linux-arm64"]
checksum = "sha256:b85fd6d22f763dd331bf86fde5fd33fc79ecf6ac1cb254b9c2b6519537f5694f"
url = "https://github.com/google-antigravity/antigravity-cli/releases/download/1.2.10/agy_cli_linux_arm64.tar.gz"
url_api = "https://api.github.com/repos/google-antigravity/antigravity-cli/releases/assets/585308429"

[tools."aqua:google-antigravity/antigravity-cli"."platforms.linux-x64"]
checksum = "sha256:77cb69251292aa35b0b662f91f704f06dd787b72f7902a62db8c6d692989203e"
url = "https://github.com/google-antigravity/antigravity-cli/releases/download/1.2.10/agy_cli_linux_x64.tar.gz"
url_api = "https://api.github.com/repos/google-antigravity/antigravity-cli/releases/assets/585308426"

[[tools."aqua:vercel-labs/agent-browser"]]
version = "0.38.1"
backend = "aqua:vercel-labs/agent-browser"
specifiers = ["0.38.1"]

[tools."aqua:vercel-labs/agent-browser"."platforms.linux-arm64"]
checksum = "sha256:937b315ee0761e8a62f7950ddcfef9b3d3d8e8d5eb9c9d2bf9e23e5725664511"
url = "https://github.com/vercel-labs/agent-browser/releases/download/v0.38.1/agent-browser-linux-arm64"
url_api = "https://api.github.com/repos/vercel-labs/agent-browser/releases/assets/568699597"

[tools."aqua:vercel-labs/agent-browser"."platforms.linux-x64"]
checksum = "sha256:e4b4555c450d6903567f18ae572c26a6f86dcad31c401f9b56d5bc00334afc91"
url = "https://github.com/vercel-labs/agent-browser/releases/download/v0.38.1/agent-browser-linux-musl-x64"
url_api = "https://api.github.com/repos/vercel-labs/agent-browser/releases/assets/568699594"

[[tools."github:openai/codex"]]
version = "0.156.1"
backend = "github:openai/codex"
specifiers = ["0.156.1"]

[tools."github:openai/codex".options]
asset_pattern = "codex-package-x86_64-unknown-linux-musl.tar.gz"
version_prefix = "rust-v"

[tools."github:openai/codex"."platforms.linux-x64"]
checksum = "sha256:8b711520beddf385467b8da4d2c93736637c6ba1e46811cf0d8606b7c490b6f6"
url = "https://github.com/openai/codex/releases/download/rust-v0.156.1/codex-package-x86_64-unknown-linux-musl.tar.gz"
url_api = "https://api.github.com/repos/openai/codex/releases/assets/582785983"

[[tools."github:openai/codex"]]
version = "0.156.1"
backend = "github:openai/codex"
specifiers = ["0.156.1"]

[tools."github:openai/codex".options]
asset_pattern = "codex-package-aarch64-unknown-linux-musl.tar.gz"
version_prefix = "rust-v"

[tools."github:openai/codex"."platforms.linux-arm64"]
checksum = "sha256:fdd47ed6aade0360796fd3f6f95a45096f327c15e19e8c7339f9dc5633041786"
url = "https://github.com/openai/codex/releases/download/rust-v0.156.1/codex-package-aarch64-unknown-linux-musl.tar.gz"
url_api = "https://api.github.com/repos/openai/codex/releases/assets/582791754"

[[tools."http:kiro-cli"]]
version = "2.24.0"
backend = "http:kiro-cli"
specifiers = ["2.24.0"]

[tools."http:kiro-cli".options]
strip_components = "1"

[tools."http:kiro-cli"."platforms.linux-arm64"]
checksum = "sha256:6ffa6e42f5df931c1fed2219864cf255dbe331ea4424591b091fc2f26c07f1df"
url = "https://desktop-release.q.us-east-1.amazonaws.com/2.24.0/kirocli-aarch64-linux.tar.gz"

[tools."http:kiro-cli"."platforms.linux-x64"]
checksum = "sha256:a8fa20311dff9059ffd181d3387aa72eaccaba6df2171d6f31c9a26138be2a09"
url = "https://desktop-release.q.us-east-1.amazonaws.com/2.24.0/kirocli-x86_64-linux.tar.gz"

[[tools."npm:@playwright/cli"]]
version = "0.1.21"
aube = { path = ".mise/locks/npm-playwright-cli/0.1.21", digest = "sha256:636204cc9c201fc3f04c014b27c80810512b2e9024c5a4c13bb2247738ef7928" }
backend = "npm:@playwright/cli"
specifiers = ["0.1.21"]
