# @generated - this file is auto-generated by `mise lock` https://mise.jdx.dev/dev-tools/mise-lock.html

lockfile_version = 2

[[tools."aqua:docker/cli"]]
version = "29.8.0"
backend = "aqua:docker/cli"
specifiers = ["29.8.0"]

[tools."aqua:docker/cli"."platforms.linux-arm64"]
checksum = "sha256:1462a696be6029bd478d7d60d7f3c31cdd15affd1178a4a278aaf4a1d1b7f8b5"
url = "https://download.docker.com/linux/static/stable/aarch64/docker-29.8.0.tgz"

[tools."aqua:docker/cli"."platforms.linux-x64"]
checksum = "sha256:cc21815cf1e2efed867dc9c8b96b46ffed8ea176ffab32b0aacb54726ded8f25"
url = "https://download.docker.com/linux/static/stable/x86_64/docker-29.8.0.tgz"
