# @generated - this file is auto-generated by `mise lock` https://mise.jdx.dev/dev-tools/mise-lock.html

lockfile_version = 2

[[tools."aqua:astral-sh/uv"]]
version = "0.12.10"
backend = "aqua:astral-sh/uv"
specifiers = ["0.12.10"]

[tools."aqua:astral-sh/uv"."platforms.linux-arm64"]
checksum = "sha256:9ff6b9d4665edcdd3a88dcc73cd1eb641754deb927f14e8c62ebfde6bf4f5f5e"
url = "https://github.com/astral-sh/uv/releases/download/0.12.10/uv-aarch64-unknown-linux-gnu.tar.gz"
url_api = "https://api.github.com/repos/astral-sh/uv/releases/assets/545034356"
provenance = "github-attestations"

[tools."aqua:astral-sh/uv"."platforms.linux-x64"]
checksum = "sha256:173d95a0c32d18c896c46ba6fafbf3cf9c14ab74b033f81b76c883ef492a976b"
url = "https://github.com/astral-sh/uv/releases/download/0.12.10/uv-x86_64-unknown-linux-gnu.tar.gz"
url_api = "https://api.github.com/repos/astral-sh/uv/releases/assets/545034465"
provenance = "github-attestations"

[[tools."aqua:aws/aws-cli"]]
version = "2.36.40"
backend = "aqua:aws/aws-cli"
specifiers = ["2.36.40"]

[tools."aqua:aws/aws-cli"."platforms.linux-arm64"]
checksum = "sha256:f26e08d0d64d9f35f304a9df94d63cbd11ffe8881c8b4bf60be934cf9e4d13a9"
url = "https://awscli.amazonaws.com/awscli-exe-linux-aarch64-2.36.40.zip"

[tools."aqua:aws/aws-cli"."platforms.linux-x64"]
checksum = "sha256:a904e314340ad4c4b62beb50e9259d4becb2acf3dffc86c96c553c834d7fdf7a"
url = "https://awscli.amazonaws.com/awscli-exe-linux-x86_64-2.36.40.zip"

[[tools."aqua:cli/cli"]]
version = "2.100.0"
backend = "aqua:cli/cli"
specifiers = ["2.100.0"]

[tools."aqua:cli/cli"."platforms.linux-arm64"]
checksum = "sha256:ea4e7a581a32ccad6cc7923cb1576ac5859ba4b9a16ab22eb8f8a96e78e2e961"
url = "https://github.com/cli/cli/releases/download/v2.100.0/gh_2.100.0_linux_arm64.tar.gz"
url_api = "https://api.github.com/repos/cli/cli/releases/assets/542974279"
provenance = "github-attestations"

[tools."aqua:cli/cli"."platforms.linux-x64"]
checksum = "sha256:e4d4bb4498e8d007abe545b6568926793ace1b6447da598294a610018cb164be"
url = "https://github.com/cli/cli/releases/download/v2.100.0/gh_2.100.0_linux_amd64.tar.gz"
url_api = "https://api.github.com/repos/cli/cli/releases/assets/542974264"
provenance = "github-attestations"

[[tools."aqua:hadolint/hadolint"]]
version = "2.15.1"
backend = "aqua:hadolint/hadolint"
specifiers = ["2.15.1"]

[tools."aqua:hadolint/hadolint"."platforms.linux-arm64"]
checksum = "sha256:f6198ef8090f404dbb771abfee086eb8c48ac177f30da7fd3510aca35b344b5d"
url = "https://github.com/hadolint/hadolint/releases/download/v2.15.1/hadolint-linux-arm64"
url_api = "https://api.github.com/repos/hadolint/hadolint/releases/assets/496546507"
provenance = "github-attestations"

[tools."aqua:hadolint/hadolint"."platforms.linux-x64"]
checksum = "sha256:c7187db94eeeeca956519a6af171adc31453941a1e777961f6e680f697c8c507"
url = "https://github.com/hadolint/hadolint/releases/download/v2.15.1/hadolint-linux-x86_64"
url_api = "https://api.github.com/repos/hadolint/hadolint/releases/assets/496546506"
provenance = "github-attestations"

[[tools."aqua:jqlang/jq"]]
version = "1.8.2"
backend = "aqua:jqlang/jq"
specifiers = ["1.8.2"]

[tools."aqua:jqlang/jq"."platforms.linux-arm64"]
checksum = "sha256:8b85c817833814ddca00a144c33705546355afccf0cf39b188f3cdb48b852309"
url = "https://github.com/jqlang/jq/releases/download/jq-1.8.2/jq-linux-arm64"
url_api = "https://api.github.com/repos/jqlang/jq/releases/assets/453012756"
provenance = "github-attestations"

[tools."aqua:jqlang/jq"."platforms.linux-x64"]
checksum = "sha256:b1c22172dd303f3be49e935aa56aa48a8b7a46e0bc838b4997d3bb451495870f"
url = "https://github.com/jqlang/jq/releases/download/jq-1.8.2/jq-linux-amd64"
url_api = "https://api.github.com/repos/jqlang/jq/releases/assets/453012752"
provenance = "github-attestations"

[[tools."aqua:mikefarah/yq"]]
version = "4.53.6"
backend = "aqua:mikefarah/yq"
specifiers = ["4.53.6"]

[tools."aqua:mikefarah/yq"."platforms.linux-arm64"]
checksum = "sha256:88a1016bc1d657375a35864e4f44b6f333df8ff97b559f51bba0adcb2169df09"
url = "https://github.com/mikefarah/yq/releases/download/v4.53.6/yq_linux_arm64"
url_api = "https://api.github.com/repos/mikefarah/yq/releases/assets/522028007"
provenance = "cosign"

[tools."aqua:mikefarah/yq"."platforms.linux-x64"]
checksum = "sha256:c5f056448f973ae7d39b5401949648a78f2dc1947d6a8eb65be60d5c504b9385"
url = "https://github.com/mikefarah/yq/releases/download/v4.53.6/yq_linux_amd64"
url_api = "https://api.github.com/repos/mikefarah/yq/releases/assets/522028022"
provenance = "cosign"

[[tools."aqua:secretlint/secretlint"]]
version = "13.0.5"
backend = "aqua:secretlint/secretlint"
specifiers = ["13.0.5"]

[tools."aqua:secretlint/secretlint"."platforms.linux-arm64"]
checksum = "sha256:021fc06555b5e36f11cd8bc1ef65e8c8a19ee1d6a78a257ce9190dbb166234bd"
url = "https://github.com/secretlint/secretlint/releases/download/v13.0.5/secretlint-13.0.5-linux-arm64"
url_api = "https://api.github.com/repos/secretlint/secretlint/releases/assets/531516750"

[tools."aqua:secretlint/secretlint"."platforms.linux-x64"]
checksum = "sha256:eec03d17b46b95e424eec8b5524ce6f21bd7ed3ec8f2f3916894e5e786ab788a"
url = "https://github.com/secretlint/secretlint/releases/download/v13.0.5/secretlint-13.0.5-linux-x64"
url_api = "https://api.github.com/repos/secretlint/secretlint/releases/assets/531516753"

[[tools."aqua:terraform-docs/terraform-docs"]]
version = "0.24.0"
backend = "aqua:terraform-docs/terraform-docs"
specifiers = ["0.24.0"]

[tools."aqua:terraform-docs/terraform-docs"."platforms.linux-arm64"]
checksum = "sha256:d12bd7b73c1fc9c64efc79f8157dd713dabd559f1ecf3cfc0f42e32279a155fd"
url = "https://github.com/terraform-docs/terraform-docs/releases/download/v0.24.0/terraform-docs-v0.24.0-linux-arm64.tar.gz"
url_api = "https://api.github.com/repos/terraform-docs/terraform-docs/releases/assets/416956212"

[tools."aqua:terraform-docs/terraform-docs"."platforms.linux-x64"]
checksum = "sha256:9005daf969de0b50134493a2c00078b49f5f5b39d021cda7c89bf4d4f3d776d3"
url = "https://github.com/terraform-docs/terraform-docs/releases/download/v0.24.0/terraform-docs-v0.24.0-linux-amd64.tar.gz"
url_api = "https://api.github.com/repos/terraform-docs/terraform-docs/releases/assets/416956208"

[[tools."aqua:terraform-linters/tflint"]]
version = "0.64.0"
backend = "aqua:terraform-linters/tflint"
specifiers = ["0.64.0"]

[tools."aqua:terraform-linters/tflint"."platforms.linux-arm64"]
checksum = "sha256:560da89aacf59389d4eb029730dd5b109b7288096c32f2726a0d9e783a5ea8eb"
url = "https://github.com/terraform-linters/tflint/releases/download/v0.64.0/tflint_linux_arm64.zip"
url_api = "https://api.github.com/repos/terraform-linters/tflint/releases/assets/480528325"
provenance = "github-attestations"

[tools."aqua:terraform-linters/tflint"."platforms.linux-x64"]
checksum = "sha256:cca9d13e2e1d7a2c627af60ff899a3c9b74212899416aeb96ec764d2ef954537"
url = "https://github.com/terraform-linters/tflint/releases/download/v0.64.0/tflint_linux_amd64.zip"
url_api = "https://api.github.com/repos/terraform-linters/tflint/releases/assets/480528344"
provenance = "github-attestations"

[[tools."aqua:tfutils/tfenv"]]
version = "3.2.2"
backend = "aqua:tfutils/tfenv"
specifiers = ["3.2.2"]

[tools."aqua:tfutils/tfenv"."platforms.linux-arm64"]
checksum = "sha256:c9c8b2e2588cf026aafa9803dfdefdfc7aa258577c24ea9624fe53f764edea47"
url = "https://github.com/tfutils/tfenv/archive/refs/tags/v3.2.2.tar.gz"
url_api = "https://api.github.com/repos/tfutils/tfenv/tarball/v3.2.2"

[tools."aqua:tfutils/tfenv"."platforms.linux-x64"]
checksum = "sha256:c9c8b2e2588cf026aafa9803dfdefdfc7aa258577c24ea9624fe53f764edea47"
url = "https://github.com/tfutils/tfenv/archive/refs/tags/v3.2.2.tar.gz"
url_api = "https://api.github.com/repos/tfutils/tfenv/tarball/v3.2.2"

[[tools."aqua:tmux/tmux-builds"]]
version = "3.7c"
backend = "aqua:tmux/tmux-builds"
specifiers = ["3.7c"]

[tools."aqua:tmux/tmux-builds"."platforms.linux-arm64"]
checksum = "sha256:29dcb978da2a4b0cf6790f9e004865dac239a3ba03bbf776dddacce23d03831b"
url = "https://github.com/tmux/tmux-builds/releases/download/v3.7c/tmux-3.7c-linux-arm64.tar.gz"
url_api = "https://api.github.com/repos/tmux/tmux-builds/releases/assets/528734863"

[tools."aqua:tmux/tmux-builds"."platforms.linux-x64"]
checksum = "sha256:cc56bd1cc873eb6089c615f0496b072385bda8a6d944069f38564a5d49c128aa"
url = "https://github.com/tmux/tmux-builds/releases/download/v3.7c/tmux-3.7c-linux-x86_64.tar.gz"
url_api = "https://api.github.com/repos/tmux/tmux-builds/releases/assets/528734864"

[[tools."aqua:twistedpair/google-cloud-sdk"]]
version = "562.0.0"
backend = "aqua:twistedpair/google-cloud-sdk"
specifiers = ["562.0.0"]

[tools."aqua:twistedpair/google-cloud-sdk"."platforms.linux-arm64"]
checksum = "sha256:a9ebaa0f4020ea0487c2c935af3d4566d1b4a1ccae685c6b7141211fc96424ee"
url = "https://dl.google.com/dl/cloudsdk/channels/rapid/downloads/google-cloud-cli-562.0.0-linux-arm.tar.gz"

[tools."aqua:twistedpair/google-cloud-sdk"."platforms.linux-x64"]
checksum = "sha256:016a4b1702f8c97b585f9ae12c6182762758c17ef5302cb8561c7f6be5cc9af3"
url = "https://dl.google.com/dl/cloudsdk/channels/rapid/downloads/google-cloud-cli-562.0.0-linux-x86_64.tar.gz"

[[tools.node]]
version = "24.21.0"
backend = "core:node"
specifiers = ["24.21.0"]

[tools.node."platforms.linux-arm64"]
checksum = "sha256:724282c3b43aec998aa9527380465b45d229e021b58035f5f4f63095eabfe5d5"
url = "https://nodejs.org/dist/v24.21.0/node-v24.21.0-linux-arm64.tar.gz"

[tools.node."platforms.linux-x64"]
checksum = "sha256:6e1db87ef58b8819e5d5402eff1536491b18edd8eb7bee5ef7897876e88dc5ff"
url = "https://nodejs.org/dist/v24.21.0/node-v24.21.0-linux-x64.tar.gz"

[[tools.python]]
version = "3.14.7"
backend = "core:python"
specifiers = ["3.14.7"]

[tools.python."platforms.linux-arm64"]
checksum = "sha256:8a0798baa8a2c27b5751d590aced543eaa85e20b3f73d93c1af049688acdc9c5"
url = "https://github.com/astral-sh/python-build-standalone/releases/download/20260901/cpython-3.14.7+20260901-aarch64-unknown-linux-gnu-install_only_stripped.tar.gz"
provenance = "github-attestations"

[tools.python."platforms.linux-x64"]
checksum = "sha256:3959f92825141e04adf44982d3a83ee57af0877e893b0796e04c1468749d9b04"
url = "https://github.com/astral-sh/python-build-standalone/releases/download/20260901/cpython-3.14.7+20260901-x86_64-unknown-linux-gnu-install_only_stripped.tar.gz"
provenance = "github-attestations"
